// !$*UTF8*$!
{
	archiveVersion = 1;
	classes = {
	};
	objectVersion = 55;
	objects = {

/* Begin PBXBuildFile section */
		783F2039286004FB00C0294B /* Realm_TestApp.swift in Sources */ = {isa = PBXBuildFile; fileRef = 783F2038286004FB00C0294B /* Realm_TestApp.swift */; };
		783F203B286004FB00C0294B /* ContentView.swift in Sources */ = {isa = PBXBuildFile; fileRef = 783F203A286004FB00C0294B /* ContentView.swift */; };
		783F203D286004FC00C0294B /* Assets.xcassets in Resources */ = {isa = PBXBuildFile; fileRef = 783F203C286004FC00C0294B /* Assets.xcassets */; };
		783F2040286004FC00C0294B /* Preview Assets.xcassets in Resources */ = {isa = PBXBuildFile; fileRef = 783F203F286004FC00C0294B /* Preview Assets.xcassets */; };
		783F20482860060200C0294B /* Realm in Frameworks */ = {isa = PBXBuildFile; productRef = 783F20472860060200C0294B /* Realm */; };
		783F204A2860060200C0294B /* RealmSwift in Frameworks */ = {isa = PBXBuildFile; productRef = 783F20492860060200C0294B /* RealmSwift */; };
		783F20502860080D00C0294B /* TaskItem.swift in Sources */ = {isa = PBXBuildFile; fileRef = 783F204F2860080D00C0294B /* TaskItem.swift */; };
		785205E928616A6000D0D5A9 /* ToDoListView.swift in Sources */ = {isa = PBXBuildFile; fileRef = 785205E828616A6000D0D5A9 /* ToDoListView.swift */; };
/* End PBXBuildFile section */

/* Begin PBXFileReference section */
		783F2035286004FB00C0294B /* Realm-Test.app */ = {isa = PBXFileReference; explicitFileType = wrapper.application; includeInIndex = 0; path = "Realm-Test.app"; sourceTree = BUILT_PRODUCTS_DIR; };
		783F2038286004FB00C0294B /* Realm_TestApp.swift */ = {isa = PBXFileReference; lastKnownFileType = sourcecode.swift; path = Realm_TestApp.swift; sourceTree = "<group>"; };
		783F203A286004FB00C0294B /* ContentView.swift */ = {isa = PBXFileReference; lastKnownFileType = sourcecode.swift; path = ContentView.swift; sourceTree = "<group>"; };
		783F203C286004FC00C0294B /* Assets.xcassets */ = {isa = PBXFileReference; lastKnownFileType = folder.assetcatalog; path = Assets.xcassets; sourceTree = "<group>"; };
		783F203F286004FC00C0294B /* Preview Assets.xcassets */ = {isa = PBXFileReference; lastKnownFileType = folder.assetcatalog; path = "Preview Assets.xcassets"; sourceTree = "<group>"; };
		783F204F2860080D00C0294B /* TaskItem.swift */ = {isa = PBXFileReference; lastKnownFileType = sourcecode.swift; path = TaskItem.swift; sourceTree = "<group>"; };
		785205E828616A6000D0D5A9 /* ToDoListView.swift */ = {isa = PBXFileReference; lastKnownFileType = sourcecode.swift; path = ToDoListView.swift; sourceTree = "<group>"; };
/* End PBXFileReference section */

/* Begin PBXFrameworksBuildPhase section */
		783F2032286004FB00C0294B /* Frameworks */ = {
			isa = PBXFrameworksBuildPhase;
			buildActionMask = 2147483647;
			files = (
				783F204A2860060200C0294B /* RealmSwift in Frameworks */,
				783F20482860060200C0294B /* Realm in Frameworks */,
			);
			runOnlyForDeploymentPostprocessing = 0;
		};
/* End PBXFrameworksBuildPhase section */

/* Begin PBXGroup section */
		783F202C286004FB00C0294B = {
			isa = PBXGroup;
			children = (
				783F2037286004FB00C0294B /* Realm-Test */,
				783F2036286004FB00C0294B /* Products */,
			);
			sourceTree = "<group>";
		};
		783F2036286004FB00C0294B /* Products */ = {
			isa = PBXGroup;
			children = (
				783F2035286004FB00C0294B /* Realm-Test.app */,
			);
			name = Products;
			sourceTree = "<group>";
		};
		783F2037286004FB00C0294B /* Realm-Test */ = {
			isa = PBXGroup;
			children = (
				783F2038286004FB00C0294B /* Realm_TestApp.swift */,
				783F204C2860071B00C0294B /* Model */,
				783F204B2860071700C0294B /* View */,
				783F203C286004FC00C0294B /* Assets.xcassets */,
				783F203E286004FC00C0294B /* Preview Content */,
			);
			path = "Realm-Test";
			sourceTree = "<group>";
		};
		783F203E286004FC00C0294B /* Preview Content */ = {
			isa = PBXGroup;
			children = (
				783F203F286004FC00C0294B /* Preview Assets.xcassets */,
			);
			path = "Preview Content";
			sourceTree = "<group>";
		};
		783F204B2860071700C0294B /* View */ = {
			isa = PBXGroup;
			children = (
				783F203A286004FB00C0294B /* ContentView.swift */,
				785205E828616A6000D0D5A9 /* ToDoListView.swift */,
			);
			path = View;
			sourceTree = "<group>";
		};
		783F204C2860071B00C0294B /* Model */ = {
			isa = PBXGroup;
			children = (
				783F204F2860080D00C0294B /* TaskItem.swift */,
			);
			path = Model;
			sourceTree = "<group>";
		};
/* End PBXGroup section */

/* Begin PBXNativeTarget section */
		783F2034286004FB00C0294B /* Realm-Test */ = {
			isa = PBXNativeTarget;
			buildConfigurationList = 783F2043286004FC00C0294B /* Build configuration list for PBXNativeTarget "Realm-Test" */;
			buildPhases = (
				783F2031286004FB00C0294B /* Sources */,
				783F2032286004FB00C0294B /* Frameworks */,
				783F2033286004FB00C0294B /* Resources */,
			);
			buildRules = (
			);
			dependencies = (
			);
			name = "Realm-Test";
			packageProductDependencies = (
				783F20472860060200C0294B /* Realm */,
				783F20492860060200C0294B /* RealmSwift */,
			);
			productName = "Realm-Test";
			productReference = 783F2035286004FB00C0294B /* Realm-Test.app */;
			productType = "com.apple.product-type.application";
		};
/* End PBXNativeTarget section */

/* Begin PBXProject section */
		783F202D286004FB00C0294B /* Project object */ = {
			isa = PBXProject;
			attributes = {
				BuildIndependentTargetsInParallel = 1;
				LastSwiftUpdateCheck = 1340;
				LastUpgradeCheck = 1340;
				TargetAttributes = {
					783F2034286004FB00C0294B = {
						CreatedOnToolsVersion = 13.4.1;
					};
				};
			};
			buildConfigurationList = 783F2030286004FB00C0294B /* Build configuration list for PBXProject "Realm-Test" */;
			compatibilityVersion = "Xcode 13.0";
			developmentRegion = en;
			hasScannedForEncodings = 0;
			knownRegions = (
				en,
				Base,
			);
			mainGroup = 783F202C286004FB00C0294B;
			packageReferences = (
				783F20462860060200C0294B /* XCRemoteSwiftPackageReference "realm-swift" */,
			);
			productRefGroup = 783F2036286004FB00C0294B /* Products */;
			projectDirPath = "";
			projectRoot = "";
			targets = (
				783F2034286004FB00C0294B /* Realm-Test */,
			);
		};
/* End PBXProject section */

/* Begin PBXResourcesBuildPhase section */
		783F2033286004FB00C0294B /* Resources */ = {
			isa = PBXResourcesBuildPhase;
			buildActionMask = 2147483647;
			files = (
				783F2040286004FC00C0294B /* Preview Assets.xcassets in Resources */,
				783F203D286004FC00C0294B /* Assets.xcassets in Resources */,
			);
			runOnlyForDeploymentPostprocessing = 0;
		};
/* End PBXResourcesBuildPhase section */

/* Begin PBXSourcesBuildPhase section */
		783F2031286004FB00C0294B /* Sources */ = {
			isa = PBXSourcesBuildPhase;
			buildActionMask = 2147483647;
			files = (
				783F203B286004FB00C0294B /* ContentView.swift in Sources */,
				783F2039286004FB00C0294B /* Realm_TestApp.swift in Sources */,
				785205E928616A6000D0D5A9 /* ToDoListView.swift in Sources */,
				783F20502860080D00C0294B /* TaskItem.swift in Sources */,
			);
			runOnlyForDeploymentPostprocessing = 0;
		};
/* End PBXSourcesBuildPhase section */

/* Begin XCBuildConfiguration section */
		783F2041286004FC00C0294B /* Debug */ = {
			isa = XCBuildConfiguration;
			buildSettings = {
				ALWAYS_SEARCH_USER_PATHS = NO;
				CLANG_ANALYZER_NONNULL = YES;
				CLANG_ANALYZER_NUMBER_OBJECT_CONVERSION = YES_AGGRESSIVE;
				CLANG_CXX_LANGUAGE_STANDARD = "gnu++17";
				CLANG_ENABLE_MODULES = YES;
				CLANG_ENABLE_OBJC_ARC = YES;
				CLANG_ENABLE_OBJC_WEAK = YES;
				CLANG_WARN_BLOCK_CAPTURE_AUTORELEASING = YES;
				CLANG_WARN_BOOL_CONVERSION = YES;
				CLANG_WARN_COMMA = YES;
				CLANG_WARN_CONSTANT_CONVERSION = YES;
				CLANG_WARN_DEPRECATED_OBJC_IMPLEMENTATIONS = YES;
				CLANG_WARN_DIRECT_OBJC_ISA_USAGE = YES_ERROR;
				CLANG_WARN_DOCUMENTATION_COMMENTS = YES;
				CLANG_WARN_EMPTY_BODY = YES;
				CLANG_WARN_ENUM_CONVERSION = YES;
				CLANG_WARN_INFINITE_RECURSION = YES;
				CLANG_WARN_INT_CONVERSION = YES;
				CLANG_WARN_NON_LITERAL_NULL_CONVERSION = YES;
				CLANG_WARN_OBJC_IMPLICIT_RETAIN_SELF = YES;
				CLANG_WARN_OBJC_LITERAL_CONVERSION = YES;
				CLANG_WARN_OBJC_ROOT_CLASS = YES_ERROR;
				CLANG_WARN_QUOTED_INCLUDE_IN_FRAMEWORK_HEADER = YES;
				CLANG_WARN_RANGE_LOOP_ANALYSIS = YES;
				CLANG_WARN_STRICT_PROTOTYPES = YES;
				CLANG_WARN_SUSPICIOUS_MOVE = YES;
				CLANG_WARN_UNGUARDED_AVAILABILITY = YES_AGGRESSIVE;
				CLANG_WARN_UNREACHABLE_CODE = YES;
				CLANG_WARN__DUPLICATE_METHOD_MATCH = YES;
				COPY_PHASE_STRIP = NO;
				DEBUG_INFORMATION_FORMAT = dwarf;
				ENABLE_STRICT_OBJC_MSGSEND = YES;
				ENABLE_TESTABILITY = YES;
				GCC_C_LANGUAGE_STANDARD = gnu11;
				GCC_DYNAMIC_NO_PIC = NO;
				GCC_NO_COMMON_BLOCKS = YES;
				GCC_OPTIMIZATION_LEVEL = 0;
				GCC_PREPROCESSOR_DEFINITIONS = (
					"DEBUG=1",
					"$(inherited)",
				);
				GCC_WARN_64_TO_32_BIT_CONVERSION = YES;
				GCC_WARN_ABOUT_RETURN_TYPE = YES_ERROR;
				GCC_WARN_UNDECLARED_SELECTOR = YES;
				GCC_WARN_UNINITIALIZED_AUTOS = YES_AGGRESSIVE;
				GCC_WARN_UNUSED_FUNCTION = YES;
				GCC_WARN_UNUSED_VARIABLE = YES;
				IPHONEOS_DEPLOYMENT_TARGET = 15.5;
				MTL_ENABLE_DEBUG_INFO = INCLUDE_SOURCE;
				MTL_FAST_MATH = YES;
				ONLY_ACTIVE_ARCH = YES;
				SDKROOT = iphoneos;
				SWIFT_ACTIVE_COMPILATION_CONDITIONS = DEBUG;
				SWIFT_OPTIMIZATION_LEVEL = "-Onone";
			};
			name = Debug;
		};
		783F2042286004FC00C0294B /* Release */ = {
			isa = XCBuildConfiguration;
			buildSettings = {
				ALWAYS_SEARCH_USER_PATHS = NO;
				CLANG_ANALYZER_NONNULL = YES;
				CLANG_ANALYZER_NUMBER_OBJECT_CONVERSION = YES_AGGRESSIVE;
				CLANG_CXX_LANGUAGE_STANDARD = "gnu++17";
				CLANG_ENABLE_MODULES = YES;
				CLANG_ENABLE_OBJC_ARC = YES;
				CLANG_ENABLE_OBJC_WEAK = YES;
				CLANG_WARN_BLOCK_CAPTURE_AUTORELEASING = YES;
				CLANG_WARN_BOOL_CONVERSION = YES;
				CLANG_WARN_COMMA = YES;
				CLANG_WARN_CONSTANT_CONVERSION = YES;
				CLANG_WARN_DEPRECATED_OBJC_IMPLEMENTATIONS = YES;
				CLANG_WARN_DIRECT_OBJC_ISA_USAGE = YES_ERROR;
				CLANG_WARN_DOCUMENTATION_COMMENTS = YES;
				CLANG_WARN_EMPTY_BODY = YES;
				CLANG_WARN_ENUM_CONVERSION = YES;
				CLANG_WARN_INFINITE_RECURSION = YES;
				CLANG_WARN_INT_CONVERSION = YES;
				CLANG_WARN_NON_LITERAL_NULL_CONVERSION = YES;
				CLANG_WARN_OBJC_IMPLICIT_RETAIN_SELF = YES;
				CLANG_WARN_OBJC_LITERAL_CONVERSION = YES;
				CLANG_WARN_OBJC_ROOT_CLASS = YES_ERROR;
				CLANG_WARN_QUOTED_INCLUDE_IN_FRAMEWORK_HEADER = YES;
				CLANG_WARN_RANGE_LOOP_ANALYSIS = YES;
				CLANG_WARN_STRICT_PROTOTYPES = YES;
				CLANG_WARN_SUSPICIOUS_MOVE = YES;
				CLANG_WARN_UNGUARDED_AVAILABILITY = YES_AGGRESSIVE;
				CLANG_WARN_UNREACHABLE_CODE = YES;
				CLANG_WARN__DUPLICATE_METHOD_MATCH = YES;
				COPY_PHASE_STRIP = NO;
				DEBUG_INFORMATION_FORMAT = "dwarf-with-dsym";
				ENABLE_NS_ASSERTIONS = NO;
				ENABLE_STRICT_OBJC_MSGSEND = YES;
				GCC_C_LANGUAGE_STANDARD = gnu11;
				GCC_NO_COMMON_BLOCKS = YES;
				GCC_WARN_64_TO_32_BIT_CONVERSION = YES;
				GCC_WARN_ABOUT_RETURN_TYPE = YES_ERROR;
				GCC_WARN_UNDECLARED_SELECTOR = YES;
				GCC_WARN_UNINITIALIZED_AUTOS = YES_AGGRESSIVE;
				GCC_WARN_UNUSED_FUNCTION = YES;
				GCC_WARN_UNUSED_VARIABLE = YES;
				IPHONEOS_DEPLOYMENT_TARGET = 15.5;
				MTL_ENABLE_DEBUG_INFO = NO;
				MTL_FAST_MATH = YES;
				SDKROOT = iphoneos;
				SWIFT_COMPILATION_MODE = wholemodule;
				SWIFT_OPTIMIZATION_LEVEL = "-O";
				VALIDATE_PRODUCT = YES;
			};
			name = Release;
		};
		783F2044286004FC00C0294B /* Debug */ = {
			isa = XCBuildConfiguration;
			buildSettings = {
				ASSETCATALOG_COMPILER_APPICON_NAME = AppIcon;
				ASSETCATALOG_COMPILER_GLOBAL_ACCENT_COLOR_NAME = AccentColor;
				CODE_SIGN_STYLE = Automatic;
				CURRENT_PROJECT_VERSION = 1;
				DEVELOPMENT_ASSET_PATHS = "\"Realm-Test/Preview Content\"";
				DEVELOPMENT_TEAM = WQD7F9D6LV;
				ENABLE_PREVIEWS = YES;
				GENERATE_INFOPLIST_FILE = YES;
				INFOPLIST_KEY_UIApplicationSceneManifest_Generation = YES;
				INFOPLIST_KEY_UIApplicationSupportsIndirectInputEvents = YES;
				INFOPLIST_KEY_UILaunchScreen_Generation = YES;
				INFOPLIST_KEY_UISupportedInterfaceOrientations_iPad = "UIInterfaceOrientationPortrait UIInterfaceOrientationPortraitUpsideDown UIInterfaceOrientationLandscapeLeft UIInterfaceOrientationLandscapeRight";
				INFOPLIST_KEY_UISupportedInterfaceOrientations_iPhone = "UIInterfaceOrientationPortrait UIInterfaceOrientationLandscapeLeft UIInterfaceOrientationLandscapeRight";
				LD_RUNPATH_SEARCH_PATHS = (
					"$(inherited)",
					"@executable_path/Frameworks",
				);
				MARKETING_VERSION = 1.0;
				PRODUCT_BUNDLE_IDENTIFIER = "com.moolman.Realm-Test";
				PRODUCT_NAME = "$(TARGET_NAME)";
				SWIFT_EMIT_LOC_STRINGS = YES;
				SWIFT_VERSION = 5.0;
				TARGETED_DEVICE_FAMILY = "1,2";
			};
			name = Debug;
		};
		783F2045286004FC00C0294B /* Release */ = {
			isa = XCBuildConfiguration;
			buildSettings = {
				ASSETCATALOG_COMPILER_APPICON_NAME = AppIcon;
				ASSETCATALOG_COMPILER_GLOBAL_ACCENT_COLOR_NAME = AccentColor;
				CODE_SIGN_STYLE = Automatic;
				CURRENT_PROJECT_VERSION = 1;
				DEVELOPMENT_ASSET_PATHS = "\"Realm-Test/Preview Content\"";
				DEVELOPMENT_TEAM = WQD7F9D6LV;
				ENABLE_PREVIEWS = YES;
				GENERATE_INFOPLIST_FILE = YES;
				INFOPLIST_KEY_UIApplicationSceneManifest_Generation = YES;
				INFOPLIST_KEY_UIApplicationSupportsIndirectInputEvents = YES;
				INFOPLIST_KEY_UILaunchScreen_Generation = YES;
				INFOPLIST_KEY_UISupportedInterfaceOrientations_iPad = "UIInterfaceOrientationPortrait UIInterfaceOrientationPortraitUpsideDown UIInterfaceOrientationLandscapeLeft UIInterfaceOrientationLandscapeRight";
				INFOPLIST_KEY_UISupportedInterfaceOrientations_iPhone = "UIInterfaceOrientationPortrait UIInterfaceOrientationLandscapeLeft UIInterfaceOrientationLandscapeRight";
				LD_RUNPATH_SEARCH_PATHS = (
					"$(inherited)",
					"@executable_path/Frameworks",
				);
				MARKETING_VERSION = 1.0;
				PRODUCT_BUNDLE_IDENTIFIER = "com.moolman.Realm-Test";
				PRODUCT_NAME = "$(TARGET_NAME)";
				SWIFT_EMIT_LOC_STRINGS = YES;
				SWIFT_VERSION = 5.0;
				TARGETED_DEVICE_FAMILY = "1,2";
			};
			name = Release;
		};
/* End XCBuildConfiguration section */

/* Begin XCConfigurationList section */
		783F2030286004FB00C0294B /* Build configuration list for PBXProject "Realm-Test" */ = {
			isa = XCConfigurationList;
			buildConfigurations = (
				783F2041286004FC00C0294B /* Debug */,
				783F2042286004FC00C0294B /* Release */,
			);
			defaultConfigurationIsVisible = 0;
			defaultConfigurationName = Release;
		};
		783F2043286004FC00C0294B /* Build configuration list for PBXNativeTarget "Realm-Test" */ = {
			isa = XCConfigurationList;
			buildConfigurations = (
				783F2044286004FC00C0294B /* Debug */,
				783F2045286004FC00C0294B /* Release */,
			);
			defaultConfigurationIsVisible = 0;
			defaultConfigurationName = Release;
		};
/* End XCConfigurationList section */

/* Begin XCRemoteSwiftPackageReference section */
		783F20462860060200C0294B /* XCRemoteSwiftPackageReference "realm-swift" */ = {
			isa = XCRemoteSwiftPackageReference;
			repositoryURL = "https://github.com/realm/realm-swift.git";
			requirement = {
				branch = master;
				kind = branch;
			};
		};
/* End XCRemoteSwiftPackageReference section */

/* Begin XCSwiftPackageProductDependency section */
		783F20472860060200C0294B /* Realm */ = {
			isa = XCSwiftPackageProductDependency;
			package = 783F20462860060200C0294B /* XCRemoteSwiftPackageReference "realm-swift" */;
			productName = Realm;
		};
		783F20492860060200C0294B /* RealmSwift */ = {
			isa = XCSwiftPackageProductDependency;
			package = 783F20462860060200C0294B /* XCRemoteSwiftPackageReference "realm-swift" */;
			productName = RealmSwift;
		};
/* End XCSwiftPackageProductDependency section */
	};
	rootObject = 783F202D286004FB00C0294B /* Project object */;
}
